// !$*UTF8*$!
{
	archiveVersion = 1;
	classes = {
	};
	objectVersion = 55;
	objects = {

/* Begin PBXBuildFile section */
		D621789729211626003CC871 /* Theme.swift in Sources */ = {isa = PBXBuildFile; fileRef = D621789629211626003CC871 /* Theme.swift */; };
		D6217899292117ED003CC871 /* DailyScrum.swift in Sources */ = {isa = PBXBuildFile; fileRef = D6217898292117ED003CC871 /* DailyScrum.swift */; };
		D621789B29211A2A003CC871 /* CardView.swift in Sources */ = {isa = PBXBuildFile; fileRef = D621789A29211A2A003CC871 /* CardView.swift */; };
		D621789D29211C28003CC871 /* TrailingIconLabelStyle.swift in Sources */ = {isa = PBXBuildFile; fileRef = D621789C29211C28003CC871 /* TrailingIconLabelStyle.swift */; };
		D64D233E28EE7E0800C05AF2 /* Tests_iOS.swift in Sources */ = {isa = PBXBuildFile; fileRef = D64D233D28EE7E0800C05AF2 /* Tests_iOS.swift */; };
		D64D234028EE7E0800C05AF2 /* Tests_iOSLaunchTests.swift in Sources */ = {isa = PBXBuildFile; fileRef = D64D233F28EE7E0800C05AF2 /* Tests_iOSLaunchTests.swift */; };
		D64D234A28EE7E0800C05AF2 /* Tests_macOS.swift in Sources */ = {isa = PBXBuildFile; fileRef = D64D234928EE7E0800C05AF2 /* Tests_macOS.swift */; };
		D64D234C28EE7E0800C05AF2 /* Tests_macOSLaunchTests.swift in Sources */ = {isa = PBXBuildFile; fileRef = D64D234B28EE7E0800C05AF2 /* Tests_macOSLaunchTests.swift */; };
		D64D234D28EE7E0800C05AF2 /* ScrumdingerApp.swift in Sources */ = {isa = PBXBuildFile; fileRef = D64D232528EE7E0600C05AF2 /* ScrumdingerApp.swift */; };
		D64D234E28EE7E0800C05AF2 /* ScrumdingerApp.swift in Sources */ = {isa = PBXBuildFile; fileRef = D64D232528EE7E0600C05AF2 /* ScrumdingerApp.swift */; };
		D64D234F28EE7E0800C05AF2 /* MeetingView.swift in Sources */ = {isa = PBXBuildFile; fileRef = D64D232628EE7E0600C05AF2 /* MeetingView.swift */; };
		D64D235028EE7E0800C05AF2 /* MeetingView.swift in Sources */ = {isa = PBXBuildFile; fileRef = D64D232628EE7E0600C05AF2 /* MeetingView.swift */; };
		D64D235128EE7E0800C05AF2 /* Assets.xcassets in Resources */ = {isa = PBXBuildFile; fileRef = D64D232728EE7E0800C05AF2 /* Assets.xcassets */; };
		D64D235228EE7E0800C05AF2 /* Assets.xcassets in Resources */ = {isa = PBXBuildFile; fileRef = D64D232728EE7E0800C05AF2 /* Assets.xcassets */; };
		D6D470F92923A06900A67E81 /* ScrumsView.swift in Sources */ = {isa = PBXBuildFile; fileRef = D6D470F82923A06900A67E81 /* ScrumsView.swift */; };
		D6D470FB2923B3EF00A67E81 /* DetailView.swift in Sources */ = {isa = PBXBuildFile; fileRef = D6D470FA2923B3EF00A67E81 /* DetailView.swift */; };
/* End PBXBuildFile section */

/* Begin PBXContainerItemProxy section */
		D64D233A28EE7E0800C05AF2 /* PBXContainerItemProxy */ = {
			isa = PBXContainerItemProxy;
			containerPortal = D64D232028EE7E0600C05AF2 /* Project object */;
			proxyType = 1;
			remoteGlobalIDString = D64D232B28EE7E0800C05AF2;
			remoteInfo = "Scrumdinger (iOS)";
		};
		D64D234628EE7E0800C05AF2 /* PBXContainerItemProxy */ = {
			isa = PBXContainerItemProxy;
			containerPortal = D64D232028EE7E0600C05AF2 /* Project object */;
			proxyType = 1;
			remoteGlobalIDString = D64D233128EE7E0800C05AF2;
			remoteInfo = "Scrumdinger (macOS)";
		};
/* End PBXContainerItemProxy section */

/* Begin PBXFileReference section */
		D621789629211626003CC871 /* Theme.swift */ = {isa = PBXFileReference; lastKnownFileType = sourcecode.swift; path = Theme.swift; sourceTree = "<group>"; };
		D6217898292117ED003CC871 /* DailyScrum.swift */ = {isa = PBXFileReference; lastKnownFileType = sourcecode.swift; path = DailyScrum.swift; sourceTree = "<group>"; };
		D621789A29211A2A003CC871 /* CardView.swift */ = {isa = PBXFileReference; lastKnownFileType = sourcecode.swift; path = CardView.swift; sourceTree = "<group>"; };
		D621789C29211C28003CC871 /* TrailingIconLabelStyle.swift */ = {isa = PBXFileReference; lastKnownFileType = sourcecode.swift; path = TrailingIconLabelStyle.swift; sourceTree = "<group>"; };
		D64D232528EE7E0600C05AF2 /* ScrumdingerApp.swift */ = {isa = PBXFileReference; lastKnownFileType = sourcecode.swift; path = ScrumdingerApp.swift; sourceTree = "<group>"; };
		D64D232628EE7E0600C05AF2 /* MeetingView.swift */ = {isa = PBXFileReference; lastKnownFileType = sourcecode.swift; path = MeetingView.swift; sourceTree = "<group>"; };
		D64D232728EE7E0800C05AF2 /* Assets.xcassets */ = {isa = PBXFileReference; lastKnownFileType = folder.assetcatalog; path = Assets.xcassets; sourceTree = "<group>"; };
		D64D232C28EE7E0800C05AF2 /* Scrumdinger.app */ = {isa = PBXFileReference; explicitFileType = wrapper.application; includeInIndex = 0; path = Scrumdinger.app; sourceTree = BUILT_PRODUCTS_DIR; };
		D64D233228EE7E0800C05AF2 /* Scrumdinger.app */ = {isa = PBXFileReference; explicitFileType = wrapper.application; includeInIndex = 0; path = Scrumdinger.app; sourceTree = BUILT_PRODUCTS_DIR; };
		D64D233428EE7E0800C05AF2 /* macOS.entitlements */ = {isa = PBXFileReference; lastKnownFileType = text.plist.entitlements; path = macOS.entitlements; sourceTree = "<group>"; };
		D64D233928EE7E0800C05AF2 /* Tests iOS.xctest */ = {isa = PBXFileReference; explicitFileType = wrapper.cfbundle; includeInIndex = 0; path = "Tests iOS.xctest"; sourceTree = BUILT_PRODUCTS_DIR; };
		D64D233D28EE7E0800C05AF2 /* Tests_iOS.swift */ = {isa = PBXFileReference; lastKnownFileType = sourcecode.swift; path = Tests_iOS.swift; sourceTree = "<group>"; };
		D64D233F28EE7E0800C05AF2 /* Tests_iOSLaunchTests.swift */ = {isa = PBXFileReference; lastKnownFileType = sourcecode.swift; path = Tests_iOSLaunchTests.swift; sourceTree = "<group>"; };
		D64D234528EE7E0800C05AF2 /* Tests macOS.xctest */ = {isa = PBXFileReference; explicitFileType = wrapper.cfbundle; includeInIndex = 0; path = "Tests macOS.xctest"; sourceTree = BUILT_PRODUCTS_DIR; };
		D64D234928EE7E0800C05AF2 /* Tests_macOS.swift */ = {isa = PBXFileReference; lastKnownFileType = sourcecode.swift; path = Tests_macOS.swift; sourceTree = "<group>"; };
		D64D234B28EE7E0800C05AF2 /* Tests_macOSLaunchTests.swift */ = {isa = PBXFileReference; lastKnownFileType = sourcecode.swift; path = Tests_macOSLaunchTests.swift; sourceTree = "<group>"; };
		D6D470F82923A06900A67E81 /* ScrumsView.swift */ = {isa = PBXFileReference; lastKnownFileType = sourcecode.swift; path = ScrumsView.swift; sourceTree = "<group>"; };
		D6D470FA2923B3EF00A67E81 /* DetailView.swift */ = {isa = PBXFileReference; lastKnownFileType = sourcecode.swift; path = DetailView.swift; sourceTree = "<group>"; };
/* End PBXFileReference section */

/* Begin PBXFrameworksBuildPhase section */
		D64D232928EE7E0800C05AF2 /* Frameworks */ = {
			isa = PBXFrameworksBuildPhase;
			buildActionMask = 2147483647;
			files = (
			);
			runOnlyForDeploymentPostprocessing = 0;
		};
		D64D232F28EE7E0800C05AF2 /* Frameworks */ = {
			isa = PBXFrameworksBuildPhase;
			buildActionMask = 2147483647;
			files = (
			);
			runOnlyForDeploymentPostprocessing = 0;
		};
		D64D233628EE7E0800C05AF2 /* Frameworks */ = {
			isa = PBXFrameworksBuildPhase;
			buildActionMask = 2147483647;
			files = (
			);
			runOnlyForDeploymentPostprocessing = 0;
		};
		D64D234228EE7E0800C05AF2 /* Frameworks */ = {
			isa = PBXFrameworksBuildPhase;
			buildActionMask = 2147483647;
			files = (
			);
			runOnlyForDeploymentPostprocessing = 0;
		};
/* End PBXFrameworksBuildPhase section */

/* Begin PBXGroup section */
		D621789529211616003CC871 /* Models */ = {
			isa = PBXGroup;
			children = (
				D621789629211626003CC871 /* Theme.swift */,
				D6217898292117ED003CC871 /* DailyScrum.swift */,
			);
			path = Models;
			sourceTree = "<group>";
		};
		D64D231F28EE7E0600C05AF2 = {
			isa = PBXGroup;
			children = (
				D64D232428EE7E0600C05AF2 /* Shared */,
				D64D233328EE7E0800C05AF2 /* macOS */,
				D64D233C28EE7E0800C05AF2 /* Tests iOS */,
				D64D234828EE7E0800C05AF2 /* Tests macOS */,
				D64D232D28EE7E0800C05AF2 /* Products */,
			);
			sourceTree = "<group>";
		};
		D64D232428EE7E0600C05AF2 /* Shared */ = {
			isa = PBXGroup;
			children = (
				D621789529211616003CC871 /* Models */,
				D64D232528EE7E0600C05AF2 /* ScrumdingerApp.swift */,
				D64D232628EE7E0600C05AF2 /* MeetingView.swift */,
				D64D232728EE7E0800C05AF2 /* Assets.xcassets */,
				D621789A29211A2A003CC871 /* CardView.swift */,
				D621789C29211C28003CC871 /* TrailingIconLabelStyle.swift */,
				D6D470F82923A06900A67E81 /* ScrumsView.swift */,
				D6D470FA2923B3EF00A67E81 /* DetailView.swift */,
			);
			path = Shared;
			sourceTree = "<group>";
		};
		D64D232D28EE7E0800C05AF2 /* Products */ = {
			isa = PBXGroup;
			children = (
				D64D232C28EE7E0800C05AF2 /* Scrumdinger.app */,
				D64D233228EE7E0800C05AF2 /* Scrumdinger.app */,
				D64D233928EE7E0800C05AF2 /* Tests iOS.xctest */,
				D64D234528EE7E0800C05AF2 /* Tests macOS.xctest */,
			);
			name = Products;
			sourceTree = "<group>";
		};
		D64D233328EE7E0800C05AF2 /* macOS */ = {
			isa = PBXGroup;
			children = (
				D64D233428EE7E0800C05AF2 /* macOS.entitlements */,
			);
			path = macOS;
			sourceTree = "<group>";
		};
		D64D233C28EE7E0800C05AF2 /* Tests iOS */ = {
			isa = PBXGroup;
			children = (
				D64D233D28EE7E0800C05AF2 /* Tests_iOS.swift */,
				D64D233F28EE7E0800C05AF2 /* Tests_iOSLaunchTests.swift */,
			);
			path = "Tests iOS";
			sourceTree = "<group>";
		};
		D64D234828EE7E0800C05AF2 /* Tests macOS */ = {
			isa = PBXGroup;
			children = (
				D64D234928EE7E0800C05AF2 /* Tests_macOS.swift */,
				D64D234B28EE7E0800C05AF2 /* Tests_macOSLaunchTests.swift */,
			);
			path = "Tests macOS";
			sourceTree = "<group>";
		};
/* End PBXGroup section */

/* Begin PBXNativeTarget section */
		D64D232B28EE7E0800C05AF2 /* Scrumdinger (iOS) */ = {
			isa = PBXNativeTarget;
			buildConfigurationList = D64D235528EE7E0800C05AF2 /* Build configuration list for PBXNativeTarget "Scrumdinger (iOS)" */;
			buildPhases = (
				D64D232828EE7E0800C05AF2 /* Sources */,
				D64D232928EE7E0800C05AF2 /* Frameworks */,
				D64D232A28EE7E0800C05AF2 /* Resources */,
			);
			buildRules = (
			);
			dependencies = (
			);
			name = "Scrumdinger (iOS)";
			productName = "Scrumdinger (iOS)";
			productReference = D64D232C28EE7E0800C05AF2 /* Scrumdinger.app */;
			productType = "com.apple.product-type.application";
		};
		D64D233128EE7E0800C05AF2 /* Scrumdinger (macOS) */ = {
			isa = PBXNativeTarget;
			buildConfigurationList = D64D235828EE7E0800C05AF2 /* Build configuration list for PBXNativeTarget "Scrumdinger (macOS)" */;
			buildPhases = (
				D64D232E28EE7E0800C05AF2 /* Sources */,
				D64D232F28EE7E0800C05AF2 /* Frameworks */,
				D64D233028EE7E0800C05AF2 /* Resources */,
			);
			buildRules = (
			);
			dependencies = (
			);
			name = "Scrumdinger (macOS)";
			productName = "Scrumdinger (macOS)";
			productReference = D64D233228EE7E0800C05AF2 /* Scrumdinger.app */;
			productType = "com.apple.product-type.application";
		};
		D64D233828EE7E0800C05AF2 /* Tests iOS */ = {
			isa = PBXNativeTarget;
			buildConfigurationList = D64D235B28EE7E0800C05AF2 /* Build configuration list for PBXNativeTarget "Tests iOS" */;
			buildPhases = (
				D64D233528EE7E0800C05AF2 /* Sources */,
				D64D233628EE7E0800C05AF2 /* Frameworks */,
				D64D233728EE7E0800C05AF2 /* Resources */,
			);
			buildRules = (
			);
			dependencies = (
				D64D233B28EE7E0800C05AF2 /* PBXTargetDependency */,
			);
			name = "Tests iOS";
			productName = "Tests iOS";
			productReference = D64D233928EE7E0800C05AF2 /* Tests iOS.xctest */;
			productType = "com.apple.product-type.bundle.ui-testing";
		};
		D64D234428EE7E0800C05AF2 /* Tests macOS */ = {
			isa = PBXNativeTarget;
			buildConfigurationList = D64D235E28EE7E0800C05AF2 /* Build configuration list for PBXNativeTarget "Tests macOS" */;
			buildPhases = (
				D64D234128EE7E0800C05AF2 /* Sources */,
				D64D234228EE7E0800C05AF2 /* Frameworks */,
				D64D234328EE7E0800C05AF2 /* Resources */,
			);
			buildRules = (
			);
			dependencies = (
				D64D234728EE7E0800C05AF2 /* PBXTargetDependency */,
			);
			name = "Tests macOS";
			productName = "Tests macOS";
			productReference = D64D234528EE7E0800C05AF2 /* Tests macOS.xctest */;
			productType = "com.apple.product-type.bundle.ui-testing";
		};
/* End PBXNativeTarget section */

/* Begin PBXProject section */
		D64D232028EE7E0600C05AF2 /* Project object */ = {
			isa = PBXProject;
			attributes = {
				BuildIndependentTargetsInParallel = 1;
				LastSwiftUpdateCheck = 1320;
				LastUpgradeCheck = 1320;
				TargetAttributes = {
					D64D232B28EE7E0800C05AF2 = {
						CreatedOnToolsVersion = 13.2.1;
					};
					D64D233128EE7E0800C05AF2 = {
						CreatedOnToolsVersion = 13.2.1;
					};
					D64D233828EE7E0800C05AF2 = {
						CreatedOnToolsVersion = 13.2.1;
						TestTargetID = D64D232B28EE7E0800C05AF2;
					};
					D64D234428EE7E0800C05AF2 = {
						CreatedOnToolsVersion = 13.2.1;
						TestTargetID = D64D233128EE7E0800C05AF2;
					};
				};
			};
			buildConfigurationList = D64D232328EE7E0600C05AF2 /* Build configuration list for PBXProject "Scrumdinger" */;
			compatibilityVersion = "Xcode 13.0";
			developmentRegion = en;
			hasScannedForEncodings = 0;
			knownRegions = (
				en,
				Base,
			);
			mainGroup = D64D231F28EE7E0600C05AF2;
			productRefGroup = D64D232D28EE7E0800C05AF2 /* Products */;
			projectDirPath = "";
			projectRoot = "";
			targets = (
				D64D232B28EE7E0800C05AF2 /* Scrumdinger (iOS) */,
				D64D233128EE7E0800C05AF2 /* Scrumdinger (macOS) */,
				D64D233828EE7E0800C05AF2 /* Tests iOS */,
				D64D234428EE7E0800C05AF2 /* Tests macOS */,
			);
		};
/* End PBXProject section */

/* Begin PBXResourcesBuildPhase section */
		D64D232A28EE7E0800C05AF2 /* Resources */ = {
			isa = PBXResourcesBuildPhase;
			buildActionMask = 2147483647;
			files = (
				D64D235128EE7E0800C05AF2 /* Assets.xcassets in Resources */,
			);
			runOnlyForDeploymentPostprocessing = 0;
		};
		D64D233028EE7E0800C05AF2 /* Resources */ = {
			isa = PBXResourcesBuildPhase;
			buildActionMask = 2147483647;
			files = (
				D64D235228EE7E0800C05AF2 /* Assets.xcassets in Resources */,
			);
			runOnlyForDeploymentPostprocessing = 0;
		};
		D64D233728EE7E0800C05AF2 /* Resources */ = {
			isa = PBXResourcesBuildPhase;
			buildActionMask = 2147483647;
			files = (
			);
			runOnlyForDeploymentPostprocessing = 0;
		};
		D64D234328EE7E0800C05AF2 /* Resources */ = {
			isa = PBXResourcesBuildPhase;
			buildActionMask = 2147483647;
			files = (
			);
			runOnlyForDeploymentPostprocessing = 0;
		};
/* End PBXResourcesBuildPhase section */

/* Begin PBXSourcesBuildPhase section */
		D64D232828EE7E0800C05AF2 /* Sources */ = {
			isa = PBXSourcesBuildPhase;
			buildActionMask = 2147483647;
			files = (
				D6217899292117ED003CC871 /* DailyScrum.swift in Sources */,
				D6D470FB2923B3EF00A67E81 /* DetailView.swift in Sources */,
				D621789D29211C28003CC871 /* TrailingIconLabelStyle.swift in Sources */,
				D621789729211626003CC871 /* Theme.swift in Sources */,
				D6D470F92923A06900A67E81 /* ScrumsView.swift in Sources */,
				D64D234F28EE7E0800C05AF2 /* MeetingView.swift in Sources */,
				D64D234D28EE7E0800C05AF2 /* ScrumdingerApp.swift in Sources */,
				D621789B29211A2A003CC871 /* CardView.swift in Sources */,
			);
			runOnlyForDeploymentPostprocessing = 0;
		};
		D64D232E28EE7E0800C05AF2 /* Sources */ = {
			isa = PBXSourcesBuildPhase;
			buildActionMask = 2147483647;
			files = (
				D64D235028EE7E0800C05AF2 /* MeetingView.swift in Sources */,
				D64D234E28EE7E0800C05AF2 /* ScrumdingerApp.swift in Sources */,
			);
			runOnlyForDeploymentPostprocessing = 0;
		};
		D64D233528EE7E0800C05AF2 /* Sources */ = {
			isa = PBXSourcesBuildPhase;
			buildActionMask = 2147483647;
			files = (
				D64D234028EE7E0800C05AF2 /* Tests_iOSLaunchTests.swift in Sources */,
				D64D233E28EE7E0800C05AF2 /* Tests_iOS.swift in Sources */,
			);
			runOnlyForDeploymentPostprocessing = 0;
		};
		D64D234128EE7E0800C05AF2 /* Sources */ = {
			isa = PBXSourcesBuildPhase;
			buildActionMask = 2147483647;
			files = (
				D64D234C28EE7E0800C05AF2 /* Tests_macOSLaunchTests.swift in Sources */,
				D64D234A28EE7E0800C05AF2 /* Tests_macOS.swift in Sources */,
			);
			runOnlyForDeploymentPostprocessing = 0;
		};
/* End PBXSourcesBuildPhase section */

/* Begin PBXTargetDependency section */
		D64D233B28EE7E0800C05AF2 /* PBXTargetDependency */ = {
			isa = PBXTargetDependency;
			target = D64D232B28EE7E0800C05AF2 /* Scrumdinger (iOS) */;
			targetProxy = D64D233A28EE7E0800C05AF2 /* PBXContainerItemProxy */;
		};
		D64D234728EE7E0800C05AF2 /* PBXTargetDependency */ = {
			isa = PBXTargetDependency;
			target = D64D233128EE7E0800C05AF2 /* Scrumdinger (macOS) */;
			targetProxy = D64D234628EE7E0800C05AF2 /* PBXContainerItemProxy */;
		};
/* End PBXTargetDependency section */

/* Begin XCBuildConfiguration section */
		D64D235328EE7E0800C05AF2 /* Debug */ = {
			isa = XCBuildConfiguration;
			buildSettings = {
				ALWAYS_SEARCH_USER_PATHS = NO;
				CLANG_ANALYZER_NONNULL = YES;
				CLANG_ANALYZER_NUMBER_OBJECT_CONVERSION = YES_AGGRESSIVE;
				CLANG_CXX_LANGUAGE_STANDARD = "gnu++17";
				CLANG_CXX_LIBRARY = "libc++";
				CLANG_ENABLE_MODULES = YES;
				CLANG_ENABLE_OBJC_ARC = YES;
				CLANG_ENABLE_OBJC_WEAK = YES;
				CLANG_WARN_BLOCK_CAPTURE_AUTORELEASING = YES;
				CLANG_WARN_BOOL_CONVERSION = YES;
				CLANG_WARN_COMMA = YES;
				CLANG_WARN_CONSTANT_CONVERSION = YES;
				CLANG_WARN_DEPRECATED_OBJC_IMPLEMENTATIONS = YES;
				CLANG_WARN_DIRECT_OBJC_ISA_USAGE = YES_ERROR;
				CLANG_WARN_DOCUMENTATION_COMMENTS = YES;
				CLANG_WARN_EMPTY_BODY = YES;
				CLANG_WARN_ENUM_CONVERSION = YES;
				CLANG_WARN_INFINITE_RECURSION = YES;
				CLANG_WARN_INT_CONVERSION = YES;
				CLANG_WARN_NON_LITERAL_NULL_CONVERSION = YES;
				CLANG_WARN_OBJC_IMPLICIT_RETAIN_SELF = YES;
				CLANG_WARN_OBJC_LITERAL_CONVERSION = YES;
				CLANG_WARN_OBJC_ROOT_CLASS = YES_ERROR;
				CLANG_WARN_QUOTED_INCLUDE_IN_FRAMEWORK_HEADER = YES;
				CLANG_WARN_RANGE_LOOP_ANALYSIS = YES;
				CLANG_WARN_STRICT_PROTOTYPES = YES;
				CLANG_WARN_SUSPICIOUS_MOVE = YES;
				CLANG_WARN_UNGUARDED_AVAILABILITY = YES_AGGRESSIVE;
				CLANG_WARN_UNREACHABLE_CODE = YES;
				CLANG_WARN__DUPLICATE_METHOD_MATCH = YES;
				COPY_PHASE_STRIP = NO;
				DEBUG_INFORMATION_FORMAT = dwarf;
				ENABLE_STRICT_OBJC_MSGSEND = YES;
				ENABLE_TESTABILITY = YES;
				GCC_C_LANGUAGE_STANDARD = gnu11;
				GCC_DYNAMIC_NO_PIC = NO;
				GCC_NO_COMMON_BLOCKS = YES;
				GCC_OPTIMIZATION_LEVEL = 0;
				GCC_PREPROCESSOR_DEFINITIONS = (
					"DEBUG=1",
					"$(inherited)",
				);
				GCC_WARN_64_TO_32_BIT_CONVERSION = YES;
				GCC_WARN_ABOUT_RETURN_TYPE = YES_ERROR;
				GCC_WARN_UNDECLARED_SELECTOR = YES;
				GCC_WARN_UNINITIALIZED_AUTOS = YES_AGGRESSIVE;
				GCC_WARN_UNUSED_FUNCTION = YES;
				GCC_WARN_UNUSED_VARIABLE = YES;
				MTL_ENABLE_DEBUG_INFO = INCLUDE_SOURCE;
				MTL_FAST_MATH = YES;
				ONLY_ACTIVE_ARCH = YES;
				SWIFT_ACTIVE_COMPILATION_CONDITIONS = DEBUG;
				SWIFT_OPTIMIZATION_LEVEL = "-Onone";
			};
			name = Debug;
		};
		D64D235428EE7E0800C05AF2 /* Release */ = {
			isa = XCBuildConfiguration;
			buildSettings = {
				ALWAYS_SEARCH_USER_PATHS = NO;
				CLANG_ANALYZER_NONNULL = YES;
				CLANG_ANALYZER_NUMBER_OBJECT_CONVERSION = YES_AGGRESSIVE;
				CLANG_CXX_LANGUAGE_STANDARD = "gnu++17";
				CLANG_CXX_LIBRARY = "libc++";
				CLANG_ENABLE_MODULES = YES;
				CLANG_ENABLE_OBJC_ARC = YES;
				CLANG_ENABLE_OBJC_WEAK = YES;
				CLANG_WARN_BLOCK_CAPTURE_AUTORELEASING = YES;
				CLANG_WARN_BOOL_CONVERSION = YES;
				CLANG_WARN_COMMA = YES;
				CLANG_WARN_CONSTANT_CONVERSION = YES;
				CLANG_WARN_DEPRECATED_OBJC_IMPLEMENTATIONS = YES;
				CLANG_WARN_DIRECT_OBJC_ISA_USAGE = YES_ERROR;
				CLANG_WARN_DOCUMENTATION_COMMENTS = YES;
				CLANG_WARN_EMPTY_BODY = YES;
				CLANG_WARN_ENUM_CONVERSION = YES;
				CLANG_WARN_INFINITE_RECURSION = YES;
				CLANG_WARN_INT_CONVERSION = YES;
				CLANG_WARN_NON_LITERAL_NULL_CONVERSION = YES;
				CLANG_WARN_OBJC_IMPLICIT_RETAIN_SELF = YES;
				CLANG_WARN_OBJC_LITERAL_CONVERSION = YES;
				CLANG_WARN_OBJC_ROOT_CLASS = YES_ERROR;
				CLANG_WARN_QUOTED_INCLUDE_IN_FRAMEWORK_HEADER = YES;
				CLANG_WARN_RANGE_LOOP_ANALYSIS = YES;
				CLANG_WARN_STRICT_PROTOTYPES = YES;
				CLANG_WARN_SUSPICIOUS_MOVE = YES;
				CLANG_WARN_UNGUARDED_AVAILABILITY = YES_AGGRESSIVE;
				CLANG_WARN_UNREACHABLE_CODE = YES;
				CLANG_WARN__DUPLICATE_METHOD_MATCH = YES;
				COPY_PHASE_STRIP = NO;
				DEBUG_INFORMATION_FORMAT = "dwarf-with-dsym";
				ENABLE_NS_ASSERTIONS = NO;
				ENABLE_STRICT_OBJC_MSGSEND = YES;
				GCC_C_LANGUAGE_STANDARD = gnu11;
				GCC_NO_COMMON_BLOCKS = YES;
				GCC_WARN_64_TO_32_BIT_CONVERSION = YES;
				GCC_WARN_ABOUT_RETURN_TYPE = YES_ERROR;
				GCC_WARN_UNDECLARED_SELECTOR = YES;
				GCC_WARN_UNINITIALIZED_AUTOS = YES_AGGRESSIVE;
				GCC_WARN_UNUSED_FUNCTION = YES;
				GCC_WARN_UNUSED_VARIABLE = YES;
				MTL_ENABLE_DEBUG_INFO = NO;
				MTL_FAST_MATH = YES;
				SWIFT_COMPILATION_MODE = wholemodule;
				SWIFT_OPTIMIZATION_LEVEL = "-O";
			};
			name = Release;
		};
		D64D235628EE7E0800C05AF2 /* Debug */ = {
			isa = XCBuildConfiguration;
			buildSettings = {
				ASSETCATALOG_COMPILER_APPICON_NAME = AppIcon;
				ASSETCATALOG_COMPILER_GLOBAL_ACCENT_COLOR_NAME = AccentColor;
				CODE_SIGN_STYLE = Automatic;
				CURRENT_PROJECT_VERSION = 1;
				ENABLE_PREVIEWS = YES;
				GENERATE_INFOPLIST_FILE = YES;
				INFOPLIST_KEY_UIApplicationSceneManifest_Generation = YES;
				INFOPLIST_KEY_UIApplicationSupportsIndirectInputEvents = YES;
				INFOPLIST_KEY_UILaunchScreen_Generation = YES;
				INFOPLIST_KEY_UISupportedInterfaceOrientations_iPad = "UIInterfaceOrientationPortrait UIInterfaceOrientationPortraitUpsideDown UIInterfaceOrientationLandscapeLeft UIInterfaceOrientationLandscapeRight";
				INFOPLIST_KEY_UISupportedInterfaceOrientations_iPhone = "UIInterfaceOrientationPortrait UIInterfaceOrientationLandscapeLeft UIInterfaceOrientationLandscapeRight";
				IPHONEOS_DEPLOYMENT_TARGET = 15.2;
				LD_RUNPATH_SEARCH_PATHS = (
					"$(inherited)",
					"@executable_path/Frameworks",
				);
				MARKETING_VERSION = 1.0;
				PRODUCT_BUNDLE_IDENTIFIER = com.bluezald.Scrumdinger;
				PRODUCT_NAME = Scrumdinger;
				SDKROOT = iphoneos;
				SWIFT_EMIT_LOC_STRINGS = YES;
				SWIFT_VERSION = 5.0;
				TARGETED_DEVICE_FAMILY = "1,2";
			};
			name = Debug;
		};
		D64D235728EE7E0800C05AF2 /* Release */ = {
			isa = XCBuildConfiguration;
			buildSettings = {
				ASSETCATALOG_COMPILER_APPICON_NAME = AppIcon;
				ASSETCATALOG_COMPILER_GLOBAL_ACCENT_COLOR_NAME = AccentColor;
				CODE_SIGN_STYLE = Automatic;
				CURRENT_PROJECT_VERSION = 1;
				ENABLE_PREVIEWS = YES;
				GENERATE_INFOPLIST_FILE = YES;
				INFOPLIST_KEY_UIApplicationSceneManifest_Generation = YES;
				INFOPLIST_KEY_UIApplicationSupportsIndirectInputEvents = YES;
				INFOPLIST_KEY_UILaunchScreen_Generation = YES;
				INFOPLIST_KEY_UISupportedInterfaceOrientations_iPad = "UIInterfaceOrientationPortrait UIInterfaceOrientationPortraitUpsideDown UIInterfaceOrientationLandscapeLeft UIInterfaceOrientationLandscapeRight";
				INFOPLIST_KEY_UISupportedInterfaceOrientations_iPhone = "UIInterfaceOrientationPortrait UIInterfaceOrientationLandscapeLeft UIInterfaceOrientationLandscapeRight";
				IPHONEOS_DEPLOYMENT_TARGET = 15.2;
				LD_RUNPATH_SEARCH_PATHS = (
					"$(inherited)",
					"@executable_path/Frameworks",
				);
				MARKETING_VERSION = 1.0;
				PRODUCT_BUNDLE_IDENTIFIER = com.bluezald.Scrumdinger;
				PRODUCT_NAME = Scrumdinger;
				SDKROOT = iphoneos;
				SWIFT_EMIT_LOC_STRINGS = YES;
				SWIFT_VERSION = 5.0;
				TARGETED_DEVICE_FAMILY = "1,2";
				VALIDATE_PRODUCT = YES;
			};
			name = Release;
		};
		D64D235928EE7E0800C05AF2 /* Debug */ = {
			isa = XCBuildConfiguration;
			buildSettings = {
				ASSETCATALOG_COMPILER_APPICON_NAME = AppIcon;
				ASSETCATALOG_COMPILER_GLOBAL_ACCENT_COLOR_NAME = AccentColor;
				CODE_SIGN_ENTITLEMENTS = macOS/macOS.entitlements;
				CODE_SIGN_STYLE = Automatic;
				COMBINE_HIDPI_IMAGES = YES;
				CURRENT_PROJECT_VERSION = 1;
				ENABLE_PREVIEWS = YES;
				GENERATE_INFOPLIST_FILE = YES;
				INFOPLIST_KEY_NSHumanReadableCopyright = "";
				LD_RUNPATH_SEARCH_PATHS = (
					"$(inherited)",
					"@executable_path/../Frameworks",
				);
				MACOSX_DEPLOYMENT_TARGET = 12.1;
				MARKETING_VERSION = 1.0;
				PRODUCT_BUNDLE_IDENTIFIER = com.bluezald.Scrumdinger;
				PRODUCT_NAME = Scrumdinger;
				SDKROOT = macosx;
				SWIFT_EMIT_LOC_STRINGS = YES;
				SWIFT_VERSION = 5.0;
			};
			name = Debug;
		};
		D64D235A28EE7E0800C05AF2 /* Release */ = {
			isa = XCBuildConfiguration;
			buildSettings = {
				ASSETCATALOG_COMPILER_APPICON_NAME = AppIcon;
				ASSETCATALOG_COMPILER_GLOBAL_ACCENT_COLOR_NAME = AccentColor;
				CODE_SIGN_ENTITLEMENTS = macOS/macOS.entitlements;
				CODE_SIGN_STYLE = Automatic;
				COMBINE_HIDPI_IMAGES = YES;
				CURRENT_PROJECT_VERSION = 1;
				ENABLE_PREVIEWS = YES;
				GENERATE_INFOPLIST_FILE = YES;
				INFOPLIST_KEY_NSHumanReadableCopyright = "";
				LD_RUNPATH_SEARCH_PATHS = (
					"$(inherited)",
					"@executable_path/../Frameworks",
				);
				MACOSX_DEPLOYMENT_TARGET = 12.1;
				MARKETING_VERSION = 1.0;
				PRODUCT_BUNDLE_IDENTIFIER = com.bluezald.Scrumdinger;
				PRODUCT_NAME = Scrumdinger;
				SDKROOT = macosx;
				SWIFT_EMIT_LOC_STRINGS = YES;
				SWIFT_VERSION = 5.0;
			};
			name = Release;
		};
		D64D235C28EE7E0800C05AF2 /* Debug */ = {
			isa = XCBuildConfiguration;
			buildSettings = {
				ALWAYS_EMBED_SWIFT_STANDARD_LIBRARIES = YES;
				CODE_SIGN_STYLE = Automatic;
				CURRENT_PROJECT_VERSION = 1;
				GENERATE_INFOPLIST_FILE = YES;
				IPHONEOS_DEPLOYMENT_TARGET = 15.2;
				MARKETING_VERSION = 1.0;
				PRODUCT_BUNDLE_IDENTIFIER = "com.bluezald.Tests-iOS";
				PRODUCT_NAME = "$(TARGET_NAME)";
				SDKROOT = iphoneos;
				SWIFT_EMIT_LOC_STRINGS = NO;
				SWIFT_VERSION = 5.0;
				TARGETED_DEVICE_FAMILY = "1,2";
				TEST_TARGET_NAME = "Scrumdinger (iOS)";
			};
			name = Debug;
		};
		D64D235D28EE7E0800C05AF2 /* Release */ = {
			isa = XCBuildConfiguration;
			buildSettings = {
				ALWAYS_EMBED_SWIFT_STANDARD_LIBRARIES = YES;
				CODE_SIGN_STYLE = Automatic;
				CURRENT_PROJECT_VERSION = 1;
				GENERATE_INFOPLIST_FILE = YES;
				IPHONEOS_DEPLOYMENT_TARGET = 15.2;
				MARKETING_VERSION = 1.0;
				PRODUCT_BUNDLE_IDENTIFIER = "com.bluezald.Tests-iOS";
				PRODUCT_NAME = "$(TARGET_NAME)";
				SDKROOT = iphoneos;
				SWIFT_EMIT_LOC_STRINGS = NO;
				SWIFT_VERSION = 5.0;
				TARGETED_DEVICE_FAMILY = "1,2";
				TEST_TARGET_NAME = "Scrumdinger (iOS)";
				VALIDATE_PRODUCT = YES;
			};
			name = Release;
		};
		D64D235F28EE7E0800C05AF2 /* Debug */ = {
			isa = XCBuildConfiguration;
			buildSettings = {
				ALWAYS_EMBED_SWIFT_STANDARD_LIBRARIES = YES;
				CODE_SIGN_STYLE = Automatic;
				CURRENT_PROJECT_VERSION = 1;
				GENERATE_INFOPLIST_FILE = YES;
				MACOSX_DEPLOYMENT_TARGET = 12.1;
				MARKETING_VERSION = 1.0;
				PRODUCT_BUNDLE_IDENTIFIER = "com.bluezald.Tests-macOS";
				PRODUCT_NAME = "$(TARGET_NAME)";
				SDKROOT = macosx;
				SWIFT_EMIT_LOC_STRINGS = NO;
				SWIFT_VERSION = 5.0;
				TEST_TARGET_NAME = "Scrumdinger (macOS)";
			};
			name = Debug;
		};
		D64D236028EE7E0800C05AF2 /* Release */ = {
			isa = XCBuildConfiguration;
			buildSettings = {
				ALWAYS_EMBED_SWIFT_STANDARD_LIBRARIES = YES;
				CODE_SIGN_STYLE = Automatic;
				CURRENT_PROJECT_VERSION = 1;
				GENERATE_INFOPLIST_FILE = YES;
				MACOSX_DEPLOYMENT_TARGET = 12.1;
				MARKETING_VERSION = 1.0;
				PRODUCT_BUNDLE_IDENTIFIER = "com.bluezald.Tests-macOS";
				PRODUCT_NAME = "$(TARGET_NAME)";
				SDKROOT = macosx;
				SWIFT_EMIT_LOC_STRINGS = NO;
				SWIFT_VERSION = 5.0;
				TEST_TARGET_NAME = "Scrumdinger (macOS)";
			};
			name = Release;
		};
/* End XCBuildConfiguration section */

/* Begin XCConfigurationList section */
		D64D232328EE7E0600C05AF2 /* Build configuration list for PBXProject "Scrumdinger" */ = {
			isa = XCConfigurationList;
			buildConfigurations = (
				D64D235328EE7E0800C05AF2 /* Debug */,
				D64D235428EE7E0800C05AF2 /* Release */,
			);
			defaultConfigurationIsVisible = 0;
			defaultConfigurationName = Release;
		};
		D64D235528EE7E0800C05AF2 /* Build configuration list for PBXNativeTarget "Scrumdinger (iOS)" */ = {
			isa = XCConfigurationList;
			buildConfigurations = (
				D64D235628EE7E0800C05AF2 /* Debug */,
				D64D235728EE7E0800C05AF2 /* Release */,
			);
			defaultConfigurationIsVisible = 0;
			defaultConfigurationName = Release;
		};
		D64D235828EE7E0800C05AF2 /* Build configuration list for PBXNativeTarget "Scrumdinger (macOS)" */ = {
			isa = XCConfigurationList;
			buildConfigurations = (
				D64D235928EE7E0800C05AF2 /* Debug */,
				D64D235A28EE7E0800C05AF2 /* Release */,
			);
			defaultConfigurationIsVisible = 0;
			defaultConfigurationName = Release;
		};
		D64D235B28EE7E0800C05AF2 /* Build configuration list for PBXNativeTarget "Tests iOS" */ = {
			isa = XCConfigurationList;
			buildConfigurations = (
				D64D235C28EE7E0800C05AF2 /* Debug */,
				D64D235D28EE7E0800C05AF2 /* Release */,
			);
			defaultConfigurationIsVisible = 0;
			defaultConfigurationName = Release;
		};
		D64D235E28EE7E0800C05AF2 /* Build configuration list for PBXNativeTarget "Tests macOS" */ = {
			isa = XCConfigurationList;
			buildConfigurations = (
				D64D235F28EE7E0800C05AF2 /* Debug */,
				D64D236028EE7E0800C05AF2 /* Release */,
			);
			defaultConfigurationIsVisible = 0;
			defaultConfigurationName = Release;
		};
/* End XCConfigurationList section */
	};
	rootObject = D64D232028EE7E0600C05AF2 /* Project object */;
}
